
Microsoft Visual Studio Solution File, Format Version 12.00
# Visual Studio Version 16
VisualStudioVersion = 16.0.30413.136
MinimumVisualStudioVersion = 10.0.40219.1
Project("{9A19103F-16F7-4668-BE54-9A1E7A4F7556}") = "SimpleQuotes.Domain.Model", "SimpleQuotes.Domain.Model\SimpleQuotes.Domain.Model.csproj", "{021288C3-BB19-41EE-BC53-1B75F1DFBD75}"
EndProject
Project("{9A19103F-16F7-4668-BE54-9A1E7A4F7556}") = "SimpleQuotes.Entity", "SimpleQuotes.Entity\SimpleQuotes.Entity.csproj", "{35CDD4BB-0A87-460B-B86F-DD3376B53486}"
EndProject
Project("{9A19103F-16F7-4668-BE54-9A1E7A4F7556}") = "SimpleQuotes.Domain.Service", "SimpleQuotes.Domain.Service\SimpleQuotes.Domain.Service.csproj", "{17ED3795-6C64-4487-9351-307BD1D6F8AF}"
EndProject
Project("{9A19103F-16F7-4668-BE54-9A1E7A4F7556}") = "SimpleQuotes.Domain.Contract", "SimpleQuotes.Domain.Contract\SimpleQuotes.Domain.Contract.csproj", "{9B7872EE-016C-414E-B4EF-953D8EC67827}"
EndProject
Project("{2150E333-8FDC-42A3-9474-1A3956D46DE8}") = "DOMAIN", "DOMAIN", "{4611C9AB-40BB-41E2-B2E3-DC59D7C6E052}"
EndProject
Project("{2150E333-8FDC-42A3-9474-1A3956D46DE8}") = "DATA", "DATA", "{065F7231-8105-4F5D-96DA-7DB2BB5E9E9A}"
EndProject
Project("{FAE04EC0-301F-11D3-BF4B-00C04F79EFBC}") = "SimpleQuotes.Data.Contract", "SimpleQuotes.Data.Contract\SimpleQuotes.Data.Contract.csproj", "{A3E2D299-A738-42D2-924D-0CB449385FDF}"
EndProject
Project("{FAE04EC0-301F-11D3-BF4B-00C04F79EFBC}") = "SimpleQuotes.Data.Repository", "SimpleQuotes.Data.Repository\SimpleQuotes.Data.Repository.csproj", "{54B576E6-4E69-4E10-B43A-E752E988F0FF}"
EndProject
Project("{2150E333-8FDC-42A3-9474-1A3956D46DE8}") = "DATA.ENTITY", "DATA.ENTITY", "{859383F8-3A11-402E-9835-655E3782336B}"
EndProject
Project("{FAE04EC0-301F-11D3-BF4B-00C04F79EFBC}") = "SimpleQuotes.Data.Entity.Abstraction", "SimpleQuotes.Data.Entity.Abstraction\SimpleQuotes.Data.Entity.Abstraction.csproj", "{53038C5D-ABA2-4CC9-B284-4009B55595FA}"
EndProject
Project("{FAE04EC0-301F-11D3-BF4B-00C04F79EFBC}") = "SimpleQuotes.Data.Entity.MySql.Pomelo", "SimpleQuotes.Data.Entity.MySql.Pomelo\SimpleQuotes.Data.Entity.MySql.Pomelo.csproj", "{47959369-B400-4D35-AD43-62F41C03E9AF}"
EndProject
Project("{FAE04EC0-301F-11D3-BF4B-00C04F79EFBC}") = "SimpleQuotes.Web.Api", "SimpleQuotes.Web.Api\SimpleQuotes.Web.Api.csproj", "{99138C45-B485-4B43-A412-575FE791F404}"
EndProject
Project("{FAE04EC0-301F-11D3-BF4B-00C04F79EFBC}") = "SimpleQuotes.App.Model", "SimpleQuotes.App.Model\SimpleQuotes.App.Model.csproj", "{D53F3058-4BFD-45FC-B724-DF54FC26A259}"
EndProject
Project("{2150E333-8FDC-42A3-9474-1A3956D46DE8}") = "APP", "APP", "{67AC975D-BFAD-42BB-8718-079E835A2917}"
EndProject
Project("{FAE04EC0-301F-11D3-BF4B-00C04F79EFBC}") = "SimpleQuotes.App.Contract", "SimpleQuotes.App.Contract\SimpleQuotes.App.Contract.csproj", "{9346D310-597B-4437-A42E-D612DA7DC47D}"
EndProject
Project("{2150E333-8FDC-42A3-9474-1A3956D46DE8}") = "WEB", "WEB", "{30E13D63-5D78-43E5-B493-80101A2B061C}"
EndProject
Project("{FAE04EC0-301F-11D3-BF4B-00C04F79EFBC}") = "SimpleQuotes.App.Handler", "SimpleQuotes.App.Handler\SimpleQuotes.App.Handler.csproj", "{9FFC748A-7FCE-4E91-B9AE-0370AC256567}"
EndProject
Project("{2150E333-8FDC-42A3-9474-1A3956D46DE8}") = "CROSSCUTING", "CROSSCUTING", "{BA3DF689-09F3-41EF-9BC2-2E731B5CB1C0}"
EndProject
Project("{FAE04EC0-301F-11D3-BF4B-00C04F79EFBC}") = "SimpleQuotes.App.Mapping", "SimpleQuotes.App.Mapping\SimpleQuotes.App.Mapping.csproj", "{E5776C00-0A2D-455B-AAFF-D7BD7F729145}"
EndProject
Project("{FAE04EC0-301F-11D3-BF4B-00C04F79EFBC}") = "SimpleQuotes.CrossCuting.DependencyInjection", "SimpleQuotes.CrossCuting.DependencyInjection\SimpleQuotes.CrossCuting.DependencyInjection.csproj", "{CAE909AD-DEBD-4EAC-81F9-8F87B38EA28C}"
EndProject
Global
	GlobalSection(SolutionConfigurationPlatforms) = preSolution
		Debug|Any CPU = Debug|Any CPU
		Release|Any CPU = Release|Any CPU
	EndGlobalSection
	GlobalSection(ProjectConfigurationPlatforms) = postSolution
		{021288C3-BB19-41EE-BC53-1B75F1DFBD75}.Debug|Any CPU.ActiveCfg = Debug|Any CPU
		{021288C3-BB19-41EE-BC53-1B75F1DFBD75}.Debug|Any CPU.Build.0 = Debug|Any CPU
		{021288C3-BB19-41EE-BC53-1B75F1DFBD75}.Release|Any CPU.ActiveCfg = Release|Any CPU
		{021288C3-BB19-41EE-BC53-1B75F1DFBD75}.Release|Any CPU.Build.0 = Release|Any CPU
		{35CDD4BB-0A87-460B-B86F-DD3376B53486}.Debug|Any CPU.ActiveCfg = Debug|Any CPU
		{35CDD4BB-0A87-460B-B86F-DD3376B53486}.Debug|Any CPU.Build.0 = Debug|Any CPU
		{35CDD4BB-0A87-460B-B86F-DD3376B53486}.Release|Any CPU.ActiveCfg = Release|Any CPU
		{35CDD4BB-0A87-460B-B86F-DD3376B53486}.Release|Any CPU.Build.0 = Release|Any CPU
		{17ED3795-6C64-4487-9351-307BD1D6F8AF}.Debug|Any CPU.ActiveCfg = Debug|Any CPU
		{17ED3795-6C64-4487-9351-307BD1D6F8AF}.Debug|Any CPU.Build.0 = Debug|Any CPU
		{17ED3795-6C64-4487-9351-307BD1D6F8AF}.Release|Any CPU.ActiveCfg = Release|Any CPU
		{17ED3795-6C64-4487-9351-307BD1D6F8AF}.Release|Any CPU.Build.0 = Release|Any CPU
		{9B7872EE-016C-414E-B4EF-953D8EC67827}.Debug|Any CPU.ActiveCfg = Debug|Any CPU
		{9B7872EE-016C-414E-B4EF-953D8EC67827}.Debug|Any CPU.Build.0 = Debug|Any CPU
		{9B7872EE-016C-414E-B4EF-953D8EC67827}.Release|Any CPU.ActiveCfg = Release|Any CPU
		{9B7872EE-016C-414E-B4EF-953D8EC67827}.Release|Any CPU.Build.0 = Release|Any CPU
		{A3E2D299-A738-42D2-924D-0CB449385FDF}.Debug|Any CPU.ActiveCfg = Debug|Any CPU
		{A3E2D299-A738-42D2-924D-0CB449385FDF}.Debug|Any CPU.Build.0 = Debug|Any CPU
		{A3E2D299-A738-42D2-924D-0CB449385FDF}.Release|Any CPU.ActiveCfg = Release|Any CPU
		{A3E2D299-A738-42D2-924D-0CB449385FDF}.Release|Any CPU.Build.0 = Release|Any CPU
		{54B576E6-4E69-4E10-B43A-E752E988F0FF}.Debug|Any CPU.ActiveCfg = Debug|Any CPU
		{54B576E6-4E69-4E10-B43A-E752E988F0FF}.Debug|Any CPU.Build.0 = Debug|Any CPU
		{54B576E6-4E69-4E10-B43A-E752E988F0FF}.Release|Any CPU.ActiveCfg = Release|Any CPU
		{54B576E6-4E69-4E10-B43A-E752E988F0FF}.Release|Any CPU.Build.0 = Release|Any CPU
		{53038C5D-ABA2-4CC9-B284-4009B55595FA}.Debug|Any CPU.ActiveCfg = Debug|Any CPU
		{53038C5D-ABA2-4CC9-B284-4009B55595FA}.Debug|Any CPU.Build.0 = Debug|Any CPU
		{53038C5D-ABA2-4CC9-B284-4009B55595FA}.Release|Any CPU.ActiveCfg = Release|Any CPU
		{53038C5D-ABA2-4CC9-B284-4009B55595FA}.Release|Any CPU.Build.0 = Release|Any CPU
		{47959369-B400-4D35-AD43-62F41C03E9AF}.Debug|Any CPU.ActiveCfg = Debug|Any CPU
		{47959369-B400-4D35-AD43-62F41C03E9AF}.Debug|Any CPU.Build.0 = Debug|Any CPU
		{47959369-B400-4D35-AD43-62F41C03E9AF}.Release|Any CPU.ActiveCfg = Release|Any CPU
		{47959369-B400-4D35-AD43-62F41C03E9AF}.Release|Any CPU.Build.0 = Release|Any CPU
		{99138C45-B485-4B43-A412-575FE791F404}.Debug|Any CPU.ActiveCfg = Debug|Any CPU
		{99138C45-B485-4B43-A412-575FE791F404}.Debug|Any CPU.Build.0 = Debug|Any CPU
		{99138C45-B485-4B43-A412-575FE791F404}.Release|Any CPU.ActiveCfg = Release|Any CPU
		{99138C45-B485-4B43-A412-575FE791F404}.Release|Any CPU.Build.0 = Release|Any CPU
		{D53F3058-4BFD-45FC-B724-DF54FC26A259}.Debug|Any CPU.ActiveCfg = Debug|Any CPU
		{D53F3058-4BFD-45FC-B724-DF54FC26A259}.Debug|Any CPU.Build.0 = Debug|Any CPU
		{D53F3058-4BFD-45FC-B724-DF54FC26A259}.Release|Any CPU.ActiveCfg = Release|Any CPU
		{D53F3058-4BFD-45FC-B724-DF54FC26A259}.Release|Any CPU.Build.0 = Release|Any CPU
		{9346D310-597B-4437-A42E-D612DA7DC47D}.Debug|Any CPU.ActiveCfg = Debug|Any CPU
		{9346D310-597B-4437-A42E-D612DA7DC47D}.Debug|Any CPU.Build.0 = Debug|Any CPU
		{9346D310-597B-4437-A42E-D612DA7DC47D}.Release|Any CPU.ActiveCfg = Release|Any CPU
		{9346D310-597B-4437-A42E-D612DA7DC47D}.Release|Any CPU.Build.0 = Release|Any CPU
		{9FFC748A-7FCE-4E91-B9AE-0370AC256567}.Debug|Any CPU.ActiveCfg = Debug|Any CPU
		{9FFC748A-7FCE-4E91-B9AE-0370AC256567}.Debug|Any CPU.Build.0 = Debug|Any CPU
		{9FFC748A-7FCE-4E91-B9AE-0370AC256567}.Release|Any CPU.ActiveCfg = Release|Any CPU
		{9FFC748A-7FCE-4E91-B9AE-0370AC256567}.Release|Any CPU.Build.0 = Release|Any CPU
		{E5776C00-0A2D-455B-AAFF-D7BD7F729145}.Debug|Any CPU.ActiveCfg = Debug|Any CPU
		{E5776C00-0A2D-455B-AAFF-D7BD7F729145}.Debug|Any CPU.Build.0 = Debug|Any CPU
		{E5776C00-0A2D-455B-AAFF-D7BD7F729145}.Release|Any CPU.ActiveCfg = Release|Any CPU
		{E5776C00-0A2D-455B-AAFF-D7BD7F729145}.Release|Any CPU.Build.0 = Release|Any CPU
		{CAE909AD-DEBD-4EAC-81F9-8F87B38EA28C}.Debug|Any CPU.ActiveCfg = Debug|Any CPU
		{CAE909AD-DEBD-4EAC-81F9-8F87B38EA28C}.Debug|Any CPU.Build.0 = Debug|Any CPU
		{CAE909AD-DEBD-4EAC-81F9-8F87B38EA28C}.Release|Any CPU.ActiveCfg = Release|Any CPU
		{CAE909AD-DEBD-4EAC-81F9-8F87B38EA28C}.Release|Any CPU.Build.0 = Release|Any CPU
	EndGlobalSection
	GlobalSection(SolutionProperties) = preSolution
		HideSolutionNode = FALSE
	EndGlobalSection
	GlobalSection(NestedProjects) = preSolution
		{021288C3-BB19-41EE-BC53-1B75F1DFBD75} = {4611C9AB-40BB-41E2-B2E3-DC59D7C6E052}
		{17ED3795-6C64-4487-9351-307BD1D6F8AF} = {4611C9AB-40BB-41E2-B2E3-DC59D7C6E052}
		{9B7872EE-016C-414E-B4EF-953D8EC67827} = {4611C9AB-40BB-41E2-B2E3-DC59D7C6E052}
		{A3E2D299-A738-42D2-924D-0CB449385FDF} = {065F7231-8105-4F5D-96DA-7DB2BB5E9E9A}
		{54B576E6-4E69-4E10-B43A-E752E988F0FF} = {065F7231-8105-4F5D-96DA-7DB2BB5E9E9A}
		{53038C5D-ABA2-4CC9-B284-4009B55595FA} = {859383F8-3A11-402E-9835-655E3782336B}
		{47959369-B400-4D35-AD43-62F41C03E9AF} = {859383F8-3A11-402E-9835-655E3782336B}
		{99138C45-B485-4B43-A412-575FE791F404} = {30E13D63-5D78-43E5-B493-80101A2B061C}
		{D53F3058-4BFD-45FC-B724-DF54FC26A259} = {67AC975D-BFAD-42BB-8718-079E835A2917}
		{9346D310-597B-4437-A42E-D612DA7DC47D} = {67AC975D-BFAD-42BB-8718-079E835A2917}
		{9FFC748A-7FCE-4E91-B9AE-0370AC256567} = {67AC975D-BFAD-42BB-8718-079E835A2917}
		{E5776C00-0A2D-455B-AAFF-D7BD7F729145} = {67AC975D-BFAD-42BB-8718-079E835A2917}
		{CAE909AD-DEBD-4EAC-81F9-8F87B38EA28C} = {BA3DF689-09F3-41EF-9BC2-2E731B5CB1C0}
	EndGlobalSection
	GlobalSection(ExtensibilityGlobals) = postSolution
		SolutionGuid = {61C4C856-435E-46A7-937D-968346EC6838}
	EndGlobalSection
EndGlobal
